
Microsoft Visual Studio Solution File, Format Version 12.00
# Visual Studio Version 17
VisualStudioVersion = 17.14.36414.22 d17.14
MinimumVisualStudioVersion = 10.0.40219.1
Project("{FAE04EC0-301F-11D3-BF4B-00C04F79EFBC}") = "PumpTest1", "PumpTest1\PumpTest1.csproj", "{C3A241C7-AD39-4F57-B605-3842ED259157}"
EndProject
Global
	GlobalSection(SolutionConfigurationPlatforms) = preSolution
		Debug|Any CPU = Debug|Any CPU
		Release|Any CPU = Release|Any CPU
	EndGlobalSection
	GlobalSection(ProjectConfigurationPlatforms) = postSolution
		{C3A241C7-AD39-4F57-B605-3842ED259157}.Debug|Any CPU.ActiveCfg = Debug|Any CPU
		{C3A241C7-AD39-4F57-B605-3842ED259157}.Debug|Any CPU.Build.0 = Debug|Any CPU
		{C3A241C7-AD39-4F57-B605-3842ED259157}.Release|Any CPU.ActiveCfg = Release|Any CPU
		{C3A241C7-AD39-4F57-B605-3842ED259157}.Release|Any CPU.Build.0 = Release|Any CPU
	EndGlobalSection
	GlobalSection(SolutionProperties) = preSolution
		HideSolutionNode = FALSE
	EndGlobalSection
	GlobalSection(ExtensibilityGlobals) = postSolution
		SolutionGuid = {ED1101C5-0507-4363-B76B-F10F1346D311}
	EndGlobalSection
EndGlobal
